# This file is generated by running "yarn install" inside your project.
# Manual changes might be lost - proceed with caution!

__metadata:
  version: 6
  cacheKey: 8

"@next/env@npm:12.1.0":
  version: 12.1.0
  resolution: "@next/env@npm:12.1.0"
  checksum: 31037e019846a2c3eeb106d64d54084e0b86d1b9b92fdb7332eeb39d94cb4a8e11ddab1a088088f7aea7b60a4cb57781815539676fddedf4305f19f8c8bf5b7f
  languageName: node
  linkType: hard

"@next/swc-android-arm64@npm:12.1.0":
  version: 12.1.0
  resolution: "@next/swc-android-arm64@npm:12.1.0"
  conditions: os=android & cpu=arm64
  languageName: node
  linkType: hard

"@next/swc-darwin-arm64@npm:12.1.0":
  version: 12.1.0
  resolution: "@next/swc-darwin-arm64@npm:12.1.0"
  conditions: os=darwin & cpu=arm64
  languageName: node
  linkType: hard

"@next/swc-darwin-x64@npm:12.1.0":
  version: 12.1.0
  resolution: "@next/swc-darwin-x64@npm:12.1.0"
  conditions: os=darwin & cpu=x64
  languageName: node
  linkType: hard

"@next/swc-linux-arm-gnueabihf@npm:12.1.0":
  version: 12.1.0
  resolution: "@next/swc-linux-arm-gnueabihf@npm:12.1.0"
  conditions: os=linux & cpu=arm
  languageName: node
  linkType: hard

"@next/swc-linux-arm64-gnu@npm:12.1.0":
  version: 12.1.0
  resolution: "@next/swc-linux-arm64-gnu@npm:12.1.0"
  conditions: os=linux & cpu=arm64
  languageName: node
  linkType: hard

"@next/swc-linux-arm64-musl@npm:12.1.0":
  version: 12.1.0
  resolution: "@next/swc-linux-arm64-musl@npm:12.1.0"
  conditions: os=linux & cpu=arm64
  languageName: node
  linkType: hard

"@next/swc-linux-x64-gnu@npm:12.1.0":
  version: 12.1.0
  resolution: "@next/swc-linux-x64-gnu@npm:12.1.0"
  conditions: os=linux & cpu=x64
  languageName: node
  linkType: hard

"@next/swc-linux-x64-musl@npm:12.1.0":
  version: 12.1.0
  resolution: "@next/swc-linux-x64-musl@npm:12.1.0"
  conditions: os=linux & cpu=x64
  languageName: node
  linkType: hard

"@next/swc-win32-arm64-msvc@npm:12.1.0":
  version: 12.1.0
  resolution: "@next/swc-win32-arm64-msvc@npm:12.1.0"
  conditions: os=win32 & cpu=arm64
  languageName: node
  linkType: hard

"@next/swc-win32-ia32-msvc@npm:12.1.0":
  version: 12.1.0
  resolution: "@next/swc-win32-ia32-msvc@npm:12.1.0"
  conditions: os=win32 & cpu=ia32
  languageName: node
  linkType: hard

"@next/swc-win32-x64-msvc@npm:12.1.0":
  version: 12.1.0
  resolution: "@next/swc-win32-x64-msvc@npm:12.1.0"
  conditions: os=win32 & cpu=x64
  languageName: node
  linkType: hard

"@prisma/client@npm:4.3.1":
  version: 4.3.1
  resolution: "@prisma/client@npm:4.3.1"
  dependencies:
    "@prisma/engines-version": 4.3.0-32.c875e43600dfe042452e0b868f7a48b817b9640b
  peerDependencies:
    prisma: "*"
  peerDependenciesMeta:
    prisma:
      optional: true
  checksum: 2e3e6319bb0974f9ab67ab4620b775f82c54e00c4690db59bbd4736967c1afae7b4487ac54a78d221b7f898287b387422c7e8de026dfd66e97c1ca1e79eb06f7
  languageName: node
  linkType: hard

"@prisma/engines-version@npm:4.3.0-32.c875e43600dfe042452e0b868f7a48b817b9640b":
  version: 4.3.0-32.c875e43600dfe042452e0b868f7a48b817b9640b
  resolution: "@prisma/engines-version@npm:4.3.0-32.c875e43600dfe042452e0b868f7a48b817b9640b"
  checksum: 268eb72da6ef70f3e0ce9c43f1b1500af3df24adb0589972f2fbbb949e5f3847c0c2377998537ad425995f78ad59cd06e65e1b07040d0ea937cefe02e441a5d1
  languageName: node
  linkType: hard

"@prisma/engines@npm:4.3.1":
  version: 4.3.1
  resolution: "@prisma/engines@npm:4.3.1"
  checksum: a407ecb8e15373890d82fc01682ddb1c473c7a5e81e07b603bdf3064bad936ee7cfa9d3ac68d5c4b845f476df53b92b705e7ec6a24a7364354ac78eb9084cbcc
  languageName: node
  linkType: hard

"@types/node@npm:^14.14.22":
  version: 14.14.22
  resolution: "@types/node@npm:14.14.22"
  checksum: e80682e29ceb7fe684deb0bcbc938e96a24dc5cf6a5fa371463bde8b672f303264ed7eaa381bcae0e2cabbe42298377a1713cb9516652a8ae39faf156fc599ec
  languageName: node
  linkType: hard

"@types/prop-types@npm:*":
  version: 15.7.3
  resolution: "@types/prop-types@npm:15.7.3"
  checksum: 41831d53c44c9eeafdaf9762bcb4553c13a3bbf990745ed9065a1cc3581b80633113b53fd49b202bf51731b258da5d0a9aa09c9035d5af7f78b0f6bc273f1325
  languageName: node
  linkType: hard

"@types/react@npm:^17.0.0":
  version: 17.0.0
  resolution: "@types/react@npm:17.0.0"
  dependencies:
    "@types/prop-types": "*"
    csstype: ^3.0.2
  checksum: 0767d1c635613cb08de1ad6b8f73e3ee01ae0069733fa56382c72a8dbed741849e74f62a17756c7b76ccd2b57dd9891d5767c3134f35788720c6bb9c186a933b
  languageName: node
  linkType: hard

"caniuse-lite@npm:^1.0.30001283":
  version: 1.0.30001334
  resolution: "caniuse-lite@npm:1.0.30001334"
  checksum: 1a1c783942d53ca37dc3dbdd7c4a6f7994996d0bfd178d4f4cdd714c6b09d9d9f48a3a2452e009e8203aba4b7a2da43f3d9d88060668a46fc237dbe0d39358a3
  languageName: node
  linkType: hard

"csstype@npm:^3.0.2":
  version: 3.0.5
  resolution: "csstype@npm:3.0.5"
  checksum: bf6a7c84c246b09e4ac21c4890f3e9f7cd203e819fa5f59fee4b642e6a11d403abc5e5fb611367737caec69dec9ccaaa92397d4d528dd99ff0f03791687dd136
  languageName: node
  linkType: hard

"dequal@npm:2.0.2":
  version: 2.0.2
  resolution: "dequal@npm:2.0.2"
  checksum: 86c7a2c59f7b0797ed397c74b5fcdb744e48fc19440b70ad6ac59f57550a96b0faef3f1cfd5760ec5e6d3f7cb101f634f1f80db4e727b1dc8389bf62d977c0a0
  languageName: node
  linkType: hard

"js-tokens@npm:^3.0.0 || ^4.0.0":
  version: 4.0.0
  resolution: "js-tokens@npm:4.0.0"
  checksum: 8a95213a5a77deb6cbe94d86340e8d9ace2b93bc367790b260101d2f36a2eaf4e4e22d9fa9cf459b38af3a32fb4190e638024cf82ec95ef708680e405ea7cc78
  languageName: node
  linkType: hard

"loose-envify@npm:^1.1.0":
  version: 1.4.0
  resolution: "loose-envify@npm:1.4.0"
  dependencies:
    js-tokens: ^3.0.0 || ^4.0.0
  bin:
    loose-envify: cli.js
  checksum: 6517e24e0cad87ec9888f500c5b5947032cdfe6ef65e1c1936a0c48a524b81e65542c9c3edc91c97d5bddc806ee2a985dbc79be89215d613b1de5db6d1cfe6f4
  languageName: node
  linkType: hard

"nanoid@npm:^3.1.30":
  version: 3.3.3
  resolution: "nanoid@npm:3.3.3"
  bin:
    nanoid: bin/nanoid.cjs
  checksum: ada019402a07464a694553c61d2dca8a4353645a7d92f2830f0d487fedff403678a0bee5323a46522752b2eab95a0bc3da98b6cccaa7c0c55cd9975130e6d6f0
  languageName: node
  linkType: hard

"next@npm:12.1.0":
  version: 12.1.0
  resolution: "next@npm:12.1.0"
  dependencies:
    "@next/env": 12.1.0
    "@next/swc-android-arm64": 12.1.0
    "@next/swc-darwin-arm64": 12.1.0
    "@next/swc-darwin-x64": 12.1.0
    "@next/swc-linux-arm-gnueabihf": 12.1.0
    "@next/swc-linux-arm64-gnu": 12.1.0
    "@next/swc-linux-arm64-musl": 12.1.0
    "@next/swc-linux-x64-gnu": 12.1.0
    "@next/swc-linux-x64-musl": 12.1.0
    "@next/swc-win32-arm64-msvc": 12.1.0
    "@next/swc-win32-ia32-msvc": 12.1.0
    "@next/swc-win32-x64-msvc": 12.1.0
    caniuse-lite: ^1.0.30001283
    postcss: 8.4.5
    styled-jsx: 5.0.0
    use-subscription: 1.5.1
  peerDependencies:
    fibers: ">= 3.1.0"
    node-sass: ^6.0.0 || ^7.0.0
    react: ^17.0.2 || ^18.0.0-0
    react-dom: ^17.0.2 || ^18.0.0-0
    sass: ^1.3.0
  dependenciesMeta:
    "@next/swc-android-arm64":
      optional: true
    "@next/swc-darwin-arm64":
      optional: true
    "@next/swc-darwin-x64":
      optional: true
    "@next/swc-linux-arm-gnueabihf":
      optional: true
    "@next/swc-linux-arm64-gnu":
      optional: true
    "@next/swc-linux-arm64-musl":
      optional: true
    "@next/swc-linux-x64-gnu":
      optional: true
    "@next/swc-linux-x64-musl":
      optional: true
    "@next/swc-win32-arm64-msvc":
      optional: true
    "@next/swc-win32-ia32-msvc":
      optional: true
    "@next/swc-win32-x64-msvc":
      optional: true
  peerDependenciesMeta:
    fibers:
      optional: true
    node-sass:
      optional: true
    sass:
      optional: true
  bin:
    next: dist/bin/next
  checksum: 36dbafd5e640c420446dc05077f858ae4a8aaf5f91feb3c6c16c1b3f50b9fb63f743ef282a3bf0c68645442bef8aee643492f6dc62388a17f87064cde064d181
  languageName: node
  linkType: hard

"object-assign@npm:^4.1.1":
  version: 4.1.1
  resolution: "object-assign@npm:4.1.1"
  checksum: fcc6e4ea8c7fe48abfbb552578b1c53e0d194086e2e6bbbf59e0a536381a292f39943c6e9628af05b5528aa5e3318bb30d6b2e53cadaf5b8fe9e12c4b69af23f
  languageName: node
  linkType: hard

"picocolors@npm:^1.0.0":
  version: 1.0.0
  resolution: "picocolors@npm:1.0.0"
  checksum: a2e8092dd86c8396bdba9f2b5481032848525b3dc295ce9b57896f931e63fc16f79805144321f72976383fc249584672a75cc18d6777c6b757603f372f745981
  languageName: node
  linkType: hard

"postcss@npm:8.4.5":
  version: 8.4.5
  resolution: "postcss@npm:8.4.5"
  dependencies:
    nanoid: ^3.1.30
    picocolors: ^1.0.0
    source-map-js: ^1.0.1
  checksum: b78abdd89c10f7b48f4bdcd376104a19d6e9c7495ab521729bdb3df315af6c211360e9f06887ad3bc0ab0f61a04b91d68ea11462997c79cced58b9ccd66fac07
  languageName: node
  linkType: hard

"prisma@npm:4.3.1":
  version: 4.3.1
  resolution: "prisma@npm:4.3.1"
  dependencies:
    "@prisma/engines": 4.3.1
  bin:
    prisma: build/index.js
    prisma2: build/index.js
  checksum: f97133c11ecbb09a40c0ec006af50e8789f3b76376e29d5eb041b1592d2c289af22bcb9b5c49789ffb8bbe0b24f470c1ec668a94194c5859e18b601398cf80c8
  languageName: node
  linkType: hard

"react-dom@npm:17.0.1":
  version: 17.0.1
  resolution: "react-dom@npm:17.0.1"
  dependencies:
    loose-envify: ^1.1.0
    object-assign: ^4.1.1
    scheduler: ^0.20.1
  peerDependencies:
    react: 17.0.1
  checksum: df2af300dd4f49a5daaccc38f5a307def2a9ae2b7ebffa3dce8fb9986129057696b86a2c94e5ae36133057c69428c500e4ee3bf5884eb44e5632ace8b7ace41f
  languageName: node
  linkType: hard

"react@npm:17.0.1":
  version: 17.0.1
  resolution: "react@npm:17.0.1"
  dependencies:
    loose-envify: ^1.1.0
    object-assign: ^4.1.1
  checksum: 83b9df9529a2b489f00a4eaa608fc7d55518b258e046c100344ae068713e43ae64e477a140f87e38cfe75489bcfd26d27fce5818f89f4ec41bdbda7ead4bb426
  languageName: node
  linkType: hard

"scheduler@npm:^0.20.1":
  version: 0.20.1
  resolution: "scheduler@npm:0.20.1"
  dependencies:
    loose-envify: ^1.1.0
    object-assign: ^4.1.1
  checksum: ace896fff8ccc516a4b5a249c712fc88d4e2456587d991acc220b54690362d6a2b9d426a7f030454cb439f6f5ff2706b13ee8c44ccb953884c4756304a2f8ad6
  languageName: node
  linkType: hard

"source-map-js@npm:^1.0.1":
  version: 1.0.2
  resolution: "source-map-js@npm:1.0.2"
  checksum: c049a7fc4deb9a7e9b481ae3d424cc793cb4845daa690bc5a05d428bf41bf231ced49b4cf0c9e77f9d42fdb3d20d6187619fc586605f5eabe995a316da8d377c
  languageName: node
  linkType: hard

"styled-jsx@npm:5.0.0":
  version: 5.0.0
  resolution: "styled-jsx@npm:5.0.0"
  peerDependencies:
    react: ">= 16.8.0 || 17.x.x || 18.x.x"
  peerDependenciesMeta:
    "@babel/core":
      optional: true
    babel-plugin-macros:
      optional: true
  checksum: 4958238ac8b8e90ac7d906aca3821e3ffb0c70c34c78b87d27f0f11c830c8237c8f4c0e7952dc51373d6fa097b16a023dcc7c9ededd402d8483b5ed2d8cefda9
  languageName: node
  linkType: hard

"swr@npm:^0.4.1":
  version: 0.4.1
  resolution: "swr@npm:0.4.1"
  dependencies:
    dequal: 2.0.2
  peerDependencies:
    react: ^16.11.0 || ^17.0.0
  checksum: 9ff92fcccc2923574196229ca2dfb3148a5aeea48a478982d990913054806def709778e6b1db580dc663685d1a5fac2d3029eb1878641283d9bac7f1063f42e3
  languageName: node
  linkType: hard

"typescript@npm:^4.1.3":
  version: 4.1.3
  resolution: "typescript@npm:4.1.3"
  bin:
    tsc: bin/tsc
    tsserver: bin/tsserver
  checksum: 0a25f7d7cebbc5ad23f41cb30918643460477be265bd3bcd400ffedb77d16e97d46f2b0c31393b2f990c5cf5b9f7a829ad6aff8636988b8f30abf81c656237c0
  languageName: node
  linkType: hard

"typescript@patch:typescript@^4.1.3#~builtin<compat/typescript>":
  version: 4.1.3
  resolution: "typescript@patch:typescript@npm%3A4.1.3#~builtin<compat/typescript>::version=4.1.3&hash=4a8eb8"
  bin:
    tsc: bin/tsc
    tsserver: bin/tsserver
  checksum: ed3df76d9b6efb448e5e73bca671698cda353a3807199ad95c78782a857e7685ccc94b799ac885423ced65ee21c87cbbeb823642c5dfd715efae5ebbc6137070
  languageName: node
  linkType: hard

"use-subscription@npm:1.5.1":
  version: 1.5.1
  resolution: "use-subscription@npm:1.5.1"
  dependencies:
    object-assign: ^4.1.1
  peerDependencies:
    react: ^16.8.0 || ^17.0.0
  checksum: 96e64977a573244fd11350a3141b2cf57fb72dd9dd902f387c8a0a565d0a948bc81588bd7378c6ef6defc0d1119f37f73aac4a7a287c8443abd444bd4e7bbea8
  languageName: node
  linkType: hard

"with-nextjs-prisma@workspace:.":
  version: 0.0.0-use.local
  resolution: "with-nextjs-prisma@workspace:."
  dependencies:
    "@prisma/client": 4.3.1
    "@types/node": ^14.14.22
    "@types/react": ^17.0.0
    next: 12.1.0
    prisma: 4.3.1
    react: 17.0.1
    react-dom: 17.0.1
    swr: ^0.4.1
    typescript: ^4.1.3
  languageName: unknown
  linkType: soft
